
Microsoft Visual Studio Solution File, Format Version 12.00
# Visual Studio Version 17
VisualStudioVersion = 17.14.37012.4 d17.14
MinimumVisualStudioVersion = 10.0.40219.1
Project("{FAE04EC0-301F-11D3-BF4B-00C04F79EFBC}") = "TicTacChess", "TicTacChess.csproj", "{96CAABD1-2B11-41D0-963F-67CFDC5B09CB}"
EndProject
Global
	GlobalSection(SolutionConfigurationPlatforms) = preSolution
		Debug|Any CPU = Debug|Any CPU
		Release|Any CPU = Release|Any CPU
	EndGlobalSection
	GlobalSection(ProjectConfigurationPlatforms) = postSolution
		{96CAABD1-2B11-41D0-963F-67CFDC5B09CB}.Debug|Any CPU.ActiveCfg = Debug|Any CPU
		{96CAABD1-2B11-41D0-963F-67CFDC5B09CB}.Debug|Any CPU.Build.0 = Debug|Any CPU
		{96CAABD1-2B11-41D0-963F-67CFDC5B09CB}.Release|Any CPU.ActiveCfg = Release|Any CPU
		{96CAABD1-2B11-41D0-963F-67CFDC5B09CB}.Release|Any CPU.Build.0 = Release|Any CPU
	EndGlobalSection
	GlobalSection(SolutionProperties) = preSolution
		HideSolutionNode = FALSE
	EndGlobalSection
	GlobalSection(ExtensibilityGlobals) = postSolution
		SolutionGuid = {19008A97-0F95-47FB-B7C7-590407E949A4}
	EndGlobalSection
EndGlobal
